{
  "object": {
    "pins": [
      {
        "package": "URLQueryItemsCoder",
        "repositoryURL": "https://github.com/malt03/URLQueryItemsCoder.git",
        "state": {
          "branch": null,
          "revision": "dd155936ac17630cdb0f5727eab650badafbaa2c",
          "version": "0.0.2"
        }
      }
    ]
  },
  "version": 1
}
