{
  "object": {
    "pins": [
      {
        "package": "URLQueryItemsCoder",
        "repositoryURL": "https://github.com/malt03/URLQueryItemsCoder.git",
        "state": {
          "branch": null,
          "revision": "a70c0ed7bada10a84492343120aeca88ac5bc6da",
          "version": "0.0.1"
        }
      }
    ]
  },
  "version": 1
}
